hash: 5c7bd68e29c02959fe27683e44571104a098244a6830c614bfec035a1e20acc8
updated: 2020-02-18T12:08:41.566305+07:00
imports:
- name: github.com/gomodule/redigo
  version: 02dc2736dbc3a4a56907b0d5a9fead2f71b499db
  subpackages:
  - redis
testImports:
- name: github.com/davecgh/go-spew
  version: 6d212800a42e8ab5c146b8ace3490ee17e5225f9
  subpackages:
  - spew
- name: github.com/pmezard/go-difflib
  version: d8ed2627bdf02c080bf22230dbb337003b7aba2d
  subpackages:
  - difflib
- name: github.com/stretchr/testify
  version: 221dbe5ed46703ee255b1da0dec05086f5035f62
  subpackages:
  - assert
  - require
  - suite
- name: gopkg.in/yaml.v2
  version: 53403b58ad1b561927d19068c655246f2db79d48
